// !$*UTF8*$!
{
	archiveVersion = 1;
	classes = {
	};
	objectVersion = 56;
	objects = {

/* Begin PBXBuildFile section */
		E32091B92A863C7000DF520A /* AppDelegate.swift in Sources */ = {isa = PBXBuildFile; fileRef = E32091B82A863C7000DF520A /* AppDelegate.swift */; };
		E32091BD2A863C7000DF520A /* ViewController.swift in Sources */ = {isa = PBXBuildFile; fileRef = E32091BC2A863C7000DF520A /* ViewController.swift */; };
		E32091C22A863C7200DF520A /* Assets.xcassets in Resources */ = {isa = PBXBuildFile; fileRef = E32091C12A863C7200DF520A /* Assets.xcassets */; };
		E32091C52A863C7200DF520A /* LaunchScreen.storyboard in Resources */ = {isa = PBXBuildFile; fileRef = E32091C32A863C7200DF520A /* LaunchScreen.storyboard */; };
		E32091D02A863C7200DF520A /* ClassifiedAdsListTests.swift in Sources */ = {isa = PBXBuildFile; fileRef = E32091CF2A863C7200DF520A /* ClassifiedAdsListTests.swift */; };
		E32091DA2A863C7200DF520A /* ClassifiedAdsListUITests.swift in Sources */ = {isa = PBXBuildFile; fileRef = E32091D92A863C7200DF520A /* ClassifiedAdsListUITests.swift */; };
		E32091DC2A863C7200DF520A /* ClassifiedAdsListUITestsLaunchTests.swift in Sources */ = {isa = PBXBuildFile; fileRef = E32091DB2A863C7200DF520A /* ClassifiedAdsListUITestsLaunchTests.swift */; };
/* End PBXBuildFile section */

/* Begin PBXContainerItemProxy section */
		E32091CC2A863C7200DF520A /* PBXContainerItemProxy */ = {
			isa = PBXContainerItemProxy;
			containerPortal = E32091AD2A863C7000DF520A /* Project object */;
			proxyType = 1;
			remoteGlobalIDString = E32091B42A863C7000DF520A;
			remoteInfo = ClassifiedAdsList;
		};
		E32091D62A863C7200DF520A /* PBXContainerItemProxy */ = {
			isa = PBXContainerItemProxy;
			containerPortal = E32091AD2A863C7000DF520A /* Project object */;
			proxyType = 1;
			remoteGlobalIDString = E32091B42A863C7000DF520A;
			remoteInfo = ClassifiedAdsList;
		};
/* End PBXContainerItemProxy section */

/* Begin PBXFileReference section */
		E32091B52A863C7000DF520A /* ClassifiedAdsList.app */ = {isa = PBXFileReference; explicitFileType = wrapper.application; includeInIndex = 0; path = ClassifiedAdsList.app; sourceTree = BUILT_PRODUCTS_DIR; };
		E32091B82A863C7000DF520A /* AppDelegate.swift */ = {isa = PBXFileReference; lastKnownFileType = sourcecode.swift; path = AppDelegate.swift; sourceTree = "<group>"; };
		E32091BC2A863C7000DF520A /* ViewController.swift */ = {isa = PBXFileReference; lastKnownFileType = sourcecode.swift; path = ViewController.swift; sourceTree = "<group>"; };
		E32091C12A863C7200DF520A /* Assets.xcassets */ = {isa = PBXFileReference; lastKnownFileType = folder.assetcatalog; path = Assets.xcassets; sourceTree = "<group>"; };
		E32091C42A863C7200DF520A /* Base */ = {isa = PBXFileReference; lastKnownFileType = file.storyboard; name = Base; path = Base.lproj/LaunchScreen.storyboard; sourceTree = "<group>"; };
		E32091C62A863C7200DF520A /* Info.plist */ = {isa = PBXFileReference; lastKnownFileType = text.plist.xml; path = Info.plist; sourceTree = "<group>"; };
		E32091CB2A863C7200DF520A /* ClassifiedAdsListTests.xctest */ = {isa = PBXFileReference; explicitFileType = wrapper.cfbundle; includeInIndex = 0; path = ClassifiedAdsListTests.xctest; sourceTree = BUILT_PRODUCTS_DIR; };
		E32091CF2A863C7200DF520A /* ClassifiedAdsListTests.swift */ = {isa = PBXFileReference; lastKnownFileType = sourcecode.swift; path = ClassifiedAdsListTests.swift; sourceTree = "<group>"; };
		E32091D52A863C7200DF520A /* ClassifiedAdsListUITests.xctest */ = {isa = PBXFileReference; explicitFileType = wrapper.cfbundle; includeInIndex = 0; path = ClassifiedAdsListUITests.xctest; sourceTree = BUILT_PRODUCTS_DIR; };
		E32091D92A863C7200DF520A /* ClassifiedAdsListUITests.swift */ = {isa = PBXFileReference; lastKnownFileType = sourcecode.swift; path = ClassifiedAdsListUITests.swift; sourceTree = "<group>"; };
		E32091DB2A863C7200DF520A /* ClassifiedAdsListUITestsLaunchTests.swift */ = {isa = PBXFileReference; lastKnownFileType = sourcecode.swift; path = ClassifiedAdsListUITestsLaunchTests.swift; sourceTree = "<group>"; };
/* End PBXFileReference section */

/* Begin PBXFrameworksBuildPhase section */
		E32091B22A863C7000DF520A /* Frameworks */ = {
			isa = PBXFrameworksBuildPhase;
			buildActionMask = 2147483647;
			files = (
			);
			runOnlyForDeploymentPostprocessing = 0;
		};
		E32091C82A863C7200DF520A /* Frameworks */ = {
			isa = PBXFrameworksBuildPhase;
			buildActionMask = 2147483647;
			files = (
			);
			runOnlyForDeploymentPostprocessing = 0;
		};
		E32091D22A863C7200DF520A /* Frameworks */ = {
			isa = PBXFrameworksBuildPhase;
			buildActionMask = 2147483647;
			files = (
			);
			runOnlyForDeploymentPostprocessing = 0;
		};
/* End PBXFrameworksBuildPhase section */

/* Begin PBXGroup section */
		E32091AC2A863C7000DF520A = {
			isa = PBXGroup;
			children = (
				E32091B72A863C7000DF520A /* ClassifiedAdsList */,
				E32091CE2A863C7200DF520A /* ClassifiedAdsListTests */,
				E32091D82A863C7200DF520A /* ClassifiedAdsListUITests */,
				E32091B62A863C7000DF520A /* Products */,
			);
			sourceTree = "<group>";
		};
		E32091B62A863C7000DF520A /* Products */ = {
			isa = PBXGroup;
			children = (
				E32091B52A863C7000DF520A /* ClassifiedAdsList.app */,
				E32091CB2A863C7200DF520A /* ClassifiedAdsListTests.xctest */,
				E32091D52A863C7200DF520A /* ClassifiedAdsListUITests.xctest */,
			);
			name = Products;
			sourceTree = "<group>";
		};
		E32091B72A863C7000DF520A /* ClassifiedAdsList */ = {
			isa = PBXGroup;
			children = (
				E32091B82A863C7000DF520A /* AppDelegate.swift */,
				E32091BC2A863C7000DF520A /* ViewController.swift */,
				E32091E82A86412300DF520A /* Resources */,
			);
			path = ClassifiedAdsList;
			sourceTree = "<group>";
		};
		E32091CE2A863C7200DF520A /* ClassifiedAdsListTests */ = {
			isa = PBXGroup;
			children = (
				E32091CF2A863C7200DF520A /* ClassifiedAdsListTests.swift */,
			);
			path = ClassifiedAdsListTests;
			sourceTree = "<group>";
		};
		E32091D82A863C7200DF520A /* ClassifiedAdsListUITests */ = {
			isa = PBXGroup;
			children = (
				E32091D92A863C7200DF520A /* ClassifiedAdsListUITests.swift */,
				E32091DB2A863C7200DF520A /* ClassifiedAdsListUITestsLaunchTests.swift */,
			);
			path = ClassifiedAdsListUITests;
			sourceTree = "<group>";
		};
		E32091E82A86412300DF520A /* Resources */ = {
			isa = PBXGroup;
			children = (
				E32091C12A863C7200DF520A /* Assets.xcassets */,
				E32091C32A863C7200DF520A /* LaunchScreen.storyboard */,
				E32091C62A863C7200DF520A /* Info.plist */,
			);
			path = Resources;
			sourceTree = "<group>";
		};
/* End PBXGroup section */

/* Begin PBXNativeTarget section */
		E32091B42A863C7000DF520A /* ClassifiedAdsList */ = {
			isa = PBXNativeTarget;
			buildConfigurationList = E32091DF2A863C7200DF520A /* Build configuration list for PBXNativeTarget "ClassifiedAdsList" */;
			buildPhases = (
				E32091B12A863C7000DF520A /* Sources */,
				E32091B22A863C7000DF520A /* Frameworks */,
				E32091B32A863C7000DF520A /* Resources */,
			);
			buildRules = (
			);
			dependencies = (
			);
			name = ClassifiedAdsList;
			productName = ClassifiedAdsList;
			productReference = E32091B52A863C7000DF520A /* ClassifiedAdsList.app */;
			productType = "com.apple.product-type.application";
		};
		E32091CA2A863C7200DF520A /* ClassifiedAdsListTests */ = {
			isa = PBXNativeTarget;
			buildConfigurationList = E32091E22A863C7200DF520A /* Build configuration list for PBXNativeTarget "ClassifiedAdsListTests" */;
			buildPhases = (
				E32091C72A863C7200DF520A /* Sources */,
				E32091C82A863C7200DF520A /* Frameworks */,
				E32091C92A863C7200DF520A /* Resources */,
			);
			buildRules = (
			);
			dependencies = (
				E32091CD2A863C7200DF520A /* PBXTargetDependency */,
			);
			name = ClassifiedAdsListTests;
			productName = ClassifiedAdsListTests;
			productReference = E32091CB2A863C7200DF520A /* ClassifiedAdsListTests.xctest */;
			productType = "com.apple.product-type.bundle.unit-test";
		};
		E32091D42A863C7200DF520A /* ClassifiedAdsListUITests */ = {
			isa = PBXNativeTarget;
			buildConfigurationList = E32091E52A863C7200DF520A /* Build configuration list for PBXNativeTarget "ClassifiedAdsListUITests" */;
			buildPhases = (
				E32091D12A863C7200DF520A /* Sources */,
				E32091D22A863C7200DF520A /* Frameworks */,
				E32091D32A863C7200DF520A /* Resources */,
			);
			buildRules = (
			);
			dependencies = (
				E32091D72A863C7200DF520A /* PBXTargetDependency */,
			);
			name = ClassifiedAdsListUITests;
			productName = ClassifiedAdsListUITests;
			productReference = E32091D52A863C7200DF520A /* ClassifiedAdsListUITests.xctest */;
			productType = "com.apple.product-type.bundle.ui-testing";
		};
/* End PBXNativeTarget section */

/* Begin PBXProject section */
		E32091AD2A863C7000DF520A /* Project object */ = {
			isa = PBXProject;
			attributes = {
				BuildIndependentTargetsInParallel = 1;
				LastSwiftUpdateCheck = 1430;
				LastUpgradeCheck = 1430;
				TargetAttributes = {
					E32091B42A863C7000DF520A = {
						CreatedOnToolsVersion = 14.3.1;
					};
					E32091CA2A863C7200DF520A = {
						CreatedOnToolsVersion = 14.3.1;
						TestTargetID = E32091B42A863C7000DF520A;
					};
					E32091D42A863C7200DF520A = {
						CreatedOnToolsVersion = 14.3.1;
						TestTargetID = E32091B42A863C7000DF520A;
					};
				};
			};
			buildConfigurationList = E32091B02A863C7000DF520A /* Build configuration list for PBXProject "ClassifiedAdsList" */;
			compatibilityVersion = "Xcode 14.0";
			developmentRegion = en;
			hasScannedForEncodings = 0;
			knownRegions = (
				en,
				Base,
			);
			mainGroup = E32091AC2A863C7000DF520A;
			productRefGroup = E32091B62A863C7000DF520A /* Products */;
			projectDirPath = "";
			projectRoot = "";
			targets = (
				E32091B42A863C7000DF520A /* ClassifiedAdsList */,
				E32091CA2A863C7200DF520A /* ClassifiedAdsListTests */,
				E32091D42A863C7200DF520A /* ClassifiedAdsListUITests */,
			);
		};
/* End PBXProject section */

/* Begin PBXResourcesBuildPhase section */
		E32091B32A863C7000DF520A /* Resources */ = {
			isa = PBXResourcesBuildPhase;
			buildActionMask = 2147483647;
			files = (
				E32091C52A863C7200DF520A /* LaunchScreen.storyboard in Resources */,
				E32091C22A863C7200DF520A /* Assets.xcassets in Resources */,
			);
			runOnlyForDeploymentPostprocessing = 0;
		};
		E32091C92A863C7200DF520A /* Resources */ = {
			isa = PBXResourcesBuildPhase;
			buildActionMask = 2147483647;
			files = (
			);
			runOnlyForDeploymentPostprocessing = 0;
		};
		E32091D32A863C7200DF520A /* Resources */ = {
			isa = PBXResourcesBuildPhase;
			buildActionMask = 2147483647;
			files = (
			);
			runOnlyForDeploymentPostprocessing = 0;
		};
/* End PBXResourcesBuildPhase section */

/* Begin PBXSourcesBuildPhase section */
		E32091B12A863C7000DF520A /* Sources */ = {
			isa = PBXSourcesBuildPhase;
			buildActionMask = 2147483647;
			files = (
				E32091BD2A863C7000DF520A /* ViewController.swift in Sources */,
				E32091B92A863C7000DF520A /* AppDelegate.swift in Sources */,
			);
			runOnlyForDeploymentPostprocessing = 0;
		};
		E32091C72A863C7200DF520A /* Sources */ = {
			isa = PBXSourcesBuildPhase;
			buildActionMask = 2147483647;
			files = (
				E32091D02A863C7200DF520A /* ClassifiedAdsListTests.swift in Sources */,
			);
			runOnlyForDeploymentPostprocessing = 0;
		};
		E32091D12A863C7200DF520A /* Sources */ = {
			isa = PBXSourcesBuildPhase;
			buildActionMask = 2147483647;
			files = (
				E32091DC2A863C7200DF520A /* ClassifiedAdsListUITestsLaunchTests.swift in Sources */,
				E32091DA2A863C7200DF520A /* ClassifiedAdsListUITests.swift in Sources */,
			);
			runOnlyForDeploymentPostprocessing = 0;
		};
/* End PBXSourcesBuildPhase section */

/* Begin PBXTargetDependency section */
		E32091CD2A863C7200DF520A /* PBXTargetDependency */ = {
			isa = PBXTargetDependency;
			target = E32091B42A863C7000DF520A /* ClassifiedAdsList */;
			targetProxy = E32091CC2A863C7200DF520A /* PBXContainerItemProxy */;
		};
		E32091D72A863C7200DF520A /* PBXTargetDependency */ = {
			isa = PBXTargetDependency;
			target = E32091B42A863C7000DF520A /* ClassifiedAdsList */;
			targetProxy = E32091D62A863C7200DF520A /* PBXContainerItemProxy */;
		};
/* End PBXTargetDependency section */

/* Begin PBXVariantGroup section */
		E32091C32A863C7200DF520A /* LaunchScreen.storyboard */ = {
			isa = PBXVariantGroup;
			children = (
				E32091C42A863C7200DF520A /* Base */,
			);
			name = LaunchScreen.storyboard;
			sourceTree = "<group>";
		};
/* End PBXVariantGroup section */

/* Begin XCBuildConfiguration section */
		E32091DD2A863C7200DF520A /* Debug */ = {
			isa = XCBuildConfiguration;
			buildSettings = {
				ALWAYS_SEARCH_USER_PATHS = NO;
				CLANG_ANALYZER_NONNULL = YES;
				CLANG_ANALYZER_NUMBER_OBJECT_CONVERSION = YES_AGGRESSIVE;
				CLANG_CXX_LANGUAGE_STANDARD = "gnu++20";
				CLANG_ENABLE_MODULES = YES;
				CLANG_ENABLE_OBJC_ARC = YES;
				CLANG_ENABLE_OBJC_WEAK = YES;
				CLANG_WARN_BLOCK_CAPTURE_AUTORELEASING = YES;
				CLANG_WARN_BOOL_CONVERSION = YES;
				CLANG_WARN_COMMA = YES;
				CLANG_WARN_CONSTANT_CONVERSION = YES;
				CLANG_WARN_DEPRECATED_OBJC_IMPLEMENTATIONS = YES;
				CLANG_WARN_DIRECT_OBJC_ISA_USAGE = YES_ERROR;
				CLANG_WARN_DOCUMENTATION_COMMENTS = YES;
				CLANG_WARN_EMPTY_BODY = YES;
				CLANG_WARN_ENUM_CONVERSION = YES;
				CLANG_WARN_INFINITE_RECURSION = YES;
				CLANG_WARN_INT_CONVERSION = YES;
				CLANG_WARN_NON_LITERAL_NULL_CONVERSION = YES;
				CLANG_WARN_OBJC_IMPLICIT_RETAIN_SELF = YES;
				CLANG_WARN_OBJC_LITERAL_CONVERSION = YES;
				CLANG_WARN_OBJC_ROOT_CLASS = YES_ERROR;
				CLANG_WARN_QUOTED_INCLUDE_IN_FRAMEWORK_HEADER = YES;
				CLANG_WARN_RANGE_LOOP_ANALYSIS = YES;
				CLANG_WARN_STRICT_PROTOTYPES = YES;
				CLANG_WARN_SUSPICIOUS_MOVE = YES;
				CLANG_WARN_UNGUARDED_AVAILABILITY = YES_AGGRESSIVE;
				CLANG_WARN_UNREACHABLE_CODE = YES;
				CLANG_WARN__DUPLICATE_METHOD_MATCH = YES;
				COPY_PHASE_STRIP = NO;
				DEBUG_INFORMATION_FORMAT = dwarf;
				ENABLE_STRICT_OBJC_MSGSEND = YES;
				ENABLE_TESTABILITY = YES;
				GCC_C_LANGUAGE_STANDARD = gnu11;
				GCC_DYNAMIC_NO_PIC = NO;
				GCC_NO_COMMON_BLOCKS = YES;
				GCC_OPTIMIZATION_LEVEL = 0;
				GCC_PREPROCESSOR_DEFINITIONS = (
					"DEBUG=1",
					"$(inherited)",
				);
				GCC_WARN_64_TO_32_BIT_CONVERSION = YES;
				GCC_WARN_ABOUT_RETURN_TYPE = YES_ERROR;
				GCC_WARN_UNDECLARED_SELECTOR = YES;
				GCC_WARN_UNINITIALIZED_AUTOS = YES_AGGRESSIVE;
				GCC_WARN_UNUSED_FUNCTION = YES;
				GCC_WARN_UNUSED_VARIABLE = YES;
				IPHONEOS_DEPLOYMENT_TARGET = 16.4;
				MTL_ENABLE_DEBUG_INFO = INCLUDE_SOURCE;
				MTL_FAST_MATH = YES;
				ONLY_ACTIVE_ARCH = YES;
				SDKROOT = iphoneos;
				SWIFT_ACTIVE_COMPILATION_CONDITIONS = DEBUG;
				SWIFT_OPTIMIZATION_LEVEL = "-Onone";
			};
			name = Debug;
		};
		E32091DE2A863C7200DF520A /* Release */ = {
			isa = XCBuildConfiguration;
			buildSettings = {
				ALWAYS_SEARCH_USER_PATHS = NO;
				CLANG_ANALYZER_NONNULL = YES;
				CLANG_ANALYZER_NUMBER_OBJECT_CONVERSION = YES_AGGRESSIVE;
				CLANG_CXX_LANGUAGE_STANDARD = "gnu++20";
				CLANG_ENABLE_MODULES = YES;
				CLANG_ENABLE_OBJC_ARC = YES;
				CLANG_ENABLE_OBJC_WEAK = YES;
				CLANG_WARN_BLOCK_CAPTURE_AUTORELEASING = YES;
				CLANG_WARN_BOOL_CONVERSION = YES;
				CLANG_WARN_COMMA = YES;
				CLANG_WARN_CONSTANT_CONVERSION = YES;
				CLANG_WARN_DEPRECATED_OBJC_IMPLEMENTATIONS = YES;
				CLANG_WARN_DIRECT_OBJC_ISA_USAGE = YES_ERROR;
				CLANG_WARN_DOCUMENTATION_COMMENTS = YES;
				CLANG_WARN_EMPTY_BODY = YES;
				CLANG_WARN_ENUM_CONVERSION = YES;
				CLANG_WARN_INFINITE_RECURSION = YES;
				CLANG_WARN_INT_CONVERSION = YES;
				CLANG_WARN_NON_LITERAL_NULL_CONVERSION = YES;
				CLANG_WARN_OBJC_IMPLICIT_RETAIN_SELF = YES;
				CLANG_WARN_OBJC_LITERAL_CONVERSION = YES;
				CLANG_WARN_OBJC_ROOT_CLASS = YES_ERROR;
				CLANG_WARN_QUOTED_INCLUDE_IN_FRAMEWORK_HEADER = YES;
				CLANG_WARN_RANGE_LOOP_ANALYSIS = YES;
				CLANG_WARN_STRICT_PROTOTYPES = YES;
				CLANG_WARN_SUSPICIOUS_MOVE = YES;
				CLANG_WARN_UNGUARDED_AVAILABILITY = YES_AGGRESSIVE;
				CLANG_WARN_UNREACHABLE_CODE = YES;
				CLANG_WARN__DUPLICATE_METHOD_MATCH = YES;
				COPY_PHASE_STRIP = NO;
				DEBUG_INFORMATION_FORMAT = "dwarf-with-dsym";
				ENABLE_NS_ASSERTIONS = NO;
				ENABLE_STRICT_OBJC_MSGSEND = YES;
				GCC_C_LANGUAGE_STANDARD = gnu11;
				GCC_NO_COMMON_BLOCKS = YES;
				GCC_WARN_64_TO_32_BIT_CONVERSION = YES;
				GCC_WARN_ABOUT_RETURN_TYPE = YES_ERROR;
				GCC_WARN_UNDECLARED_SELECTOR = YES;
				GCC_WARN_UNINITIALIZED_AUTOS = YES_AGGRESSIVE;
				GCC_WARN_UNUSED_FUNCTION = YES;
				GCC_WARN_UNUSED_VARIABLE = YES;
				IPHONEOS_DEPLOYMENT_TARGET = 16.4;
				MTL_ENABLE_DEBUG_INFO = NO;
				MTL_FAST_MATH = YES;
				SDKROOT = iphoneos;
				SWIFT_COMPILATION_MODE = wholemodule;
				SWIFT_OPTIMIZATION_LEVEL = "-O";
				VALIDATE_PRODUCT = YES;
			};
			name = Release;
		};
		E32091E02A863C7200DF520A /* Debug */ = {
			isa = XCBuildConfiguration;
			buildSettings = {
				ASSETCATALOG_COMPILER_APPICON_NAME = AppIcon;
				ASSETCATALOG_COMPILER_GLOBAL_ACCENT_COLOR_NAME = AccentColor;
				CODE_SIGN_STYLE = Automatic;
				CURRENT_PROJECT_VERSION = 1;
				GENERATE_INFOPLIST_FILE = YES;
				INFOPLIST_FILE = ClassifiedAdsList/Info.plist;
				INFOPLIST_KEY_UIApplicationSupportsIndirectInputEvents = YES;
				INFOPLIST_KEY_UILaunchStoryboardName = LaunchScreen.storyboard;
				INFOPLIST_KEY_UIMainStoryboardFile = "";
				INFOPLIST_KEY_UISupportedInterfaceOrientations = "UIInterfaceOrientationLandscapeLeft UIInterfaceOrientationLandscapeRight UIInterfaceOrientationPortrait";
				INFOPLIST_KEY_UISupportedInterfaceOrientations_iPad = "UIInterfaceOrientationLandscapeLeft UIInterfaceOrientationLandscapeRight UIInterfaceOrientationPortrait UIInterfaceOrientationPortraitUpsideDown";
				IPHONEOS_DEPLOYMENT_TARGET = 14.0;
				LD_RUNPATH_SEARCH_PATHS = (
					"$(inherited)",
					"@executable_path/Frameworks",
				);
				MARKETING_VERSION = 1.0;
				PRODUCT_BUNDLE_IDENTIFIER = com.eukurapov.ClassifiedAdsList;
				PRODUCT_NAME = "$(TARGET_NAME)";
				SWIFT_EMIT_LOC_STRINGS = YES;
				SWIFT_VERSION = 5.0;
				TARGETED_DEVICE_FAMILY = "1,2";
			};
			name = Debug;
		};
		E32091E12A863C7200DF520A /* Release */ = {
			isa = XCBuildConfiguration;
			buildSettings = {
				ASSETCATALOG_COMPILER_APPICON_NAME = AppIcon;
				ASSETCATALOG_COMPILER_GLOBAL_ACCENT_COLOR_NAME = AccentColor;
				CODE_SIGN_STYLE = Automatic;
				CURRENT_PROJECT_VERSION = 1;
				GENERATE_INFOPLIST_FILE = YES;
				INFOPLIST_FILE = ClassifiedAdsList/Info.plist;
				INFOPLIST_KEY_UIApplicationSupportsIndirectInputEvents = YES;
				INFOPLIST_KEY_UILaunchStoryboardName = LaunchScreen.storyboard;
				INFOPLIST_KEY_UIMainStoryboardFile = "";
				INFOPLIST_KEY_UISupportedInterfaceOrientations = "UIInterfaceOrientationLandscapeLeft UIInterfaceOrientationLandscapeRight UIInterfaceOrientationPortrait";
				INFOPLIST_KEY_UISupportedInterfaceOrientations_iPad = "UIInterfaceOrientationLandscapeLeft UIInterfaceOrientationLandscapeRight UIInterfaceOrientationPortrait UIInterfaceOrientationPortraitUpsideDown";
				IPHONEOS_DEPLOYMENT_TARGET = 14.0;
				LD_RUNPATH_SEARCH_PATHS = (
					"$(inherited)",
					"@executable_path/Frameworks",
				);
				MARKETING_VERSION = 1.0;
				PRODUCT_BUNDLE_IDENTIFIER = com.eukurapov.ClassifiedAdsList;
				PRODUCT_NAME = "$(TARGET_NAME)";
				SWIFT_EMIT_LOC_STRINGS = YES;
				SWIFT_VERSION = 5.0;
				TARGETED_DEVICE_FAMILY = "1,2";
			};
			name = Release;
		};
		E32091E32A863C7200DF520A /* Debug */ = {
			isa = XCBuildConfiguration;
			buildSettings = {
				ALWAYS_EMBED_SWIFT_STANDARD_LIBRARIES = YES;
				BUNDLE_LOADER = "$(TEST_HOST)";
				CODE_SIGN_STYLE = Automatic;
				CURRENT_PROJECT_VERSION = 1;
				GENERATE_INFOPLIST_FILE = YES;
				IPHONEOS_DEPLOYMENT_TARGET = 16.4;
				MARKETING_VERSION = 1.0;
				PRODUCT_BUNDLE_IDENTIFIER = com.eukurapov.ClassifiedAdsListTests;
				PRODUCT_NAME = "$(TARGET_NAME)";
				SWIFT_EMIT_LOC_STRINGS = NO;
				SWIFT_VERSION = 5.0;
				TARGETED_DEVICE_FAMILY = "1,2";
				TEST_HOST = "$(BUILT_PRODUCTS_DIR)/ClassifiedAdsList.app/$(BUNDLE_EXECUTABLE_FOLDER_PATH)/ClassifiedAdsList";
			};
			name = Debug;
		};
		E32091E42A863C7200DF520A /* Release */ = {
			isa = XCBuildConfiguration;
			buildSettings = {
				ALWAYS_EMBED_SWIFT_STANDARD_LIBRARIES = YES;
				BUNDLE_LOADER = "$(TEST_HOST)";
				CODE_SIGN_STYLE = Automatic;
				CURRENT_PROJECT_VERSION = 1;
				GENERATE_INFOPLIST_FILE = YES;
				IPHONEOS_DEPLOYMENT_TARGET = 16.4;
				MARKETING_VERSION = 1.0;
				PRODUCT_BUNDLE_IDENTIFIER = com.eukurapov.ClassifiedAdsListTests;
				PRODUCT_NAME = "$(TARGET_NAME)";
				SWIFT_EMIT_LOC_STRINGS = NO;
				SWIFT_VERSION = 5.0;
				TARGETED_DEVICE_FAMILY = "1,2";
				TEST_HOST = "$(BUILT_PRODUCTS_DIR)/ClassifiedAdsList.app/$(BUNDLE_EXECUTABLE_FOLDER_PATH)/ClassifiedAdsList";
			};
			name = Release;
		};
		E32091E62A863C7200DF520A /* Debug */ = {
			isa = XCBuildConfiguration;
			buildSettings = {
				ALWAYS_EMBED_SWIFT_STANDARD_LIBRARIES = YES;
				CODE_SIGN_STYLE = Automatic;
				CURRENT_PROJECT_VERSION = 1;
				GENERATE_INFOPLIST_FILE = YES;
				MARKETING_VERSION = 1.0;
				PRODUCT_BUNDLE_IDENTIFIER = com.eukurapov.ClassifiedAdsListUITests;
				PRODUCT_NAME = "$(TARGET_NAME)";
				SWIFT_EMIT_LOC_STRINGS = NO;
				SWIFT_VERSION = 5.0;
				TARGETED_DEVICE_FAMILY = "1,2";
				TEST_TARGET_NAME = ClassifiedAdsList;
			};
			name = Debug;
		};
		E32091E72A863C7200DF520A /* Release */ = {
			isa = XCBuildConfiguration;
			buildSettings = {
				ALWAYS_EMBED_SWIFT_STANDARD_LIBRARIES = YES;
				CODE_SIGN_STYLE = Automatic;
				CURRENT_PROJECT_VERSION = 1;
				GENERATE_INFOPLIST_FILE = YES;
				MARKETING_VERSION = 1.0;
				PRODUCT_BUNDLE_IDENTIFIER = com.eukurapov.ClassifiedAdsListUITests;
				PRODUCT_NAME = "$(TARGET_NAME)";
				SWIFT_EMIT_LOC_STRINGS = NO;
				SWIFT_VERSION = 5.0;
				TARGETED_DEVICE_FAMILY = "1,2";
				TEST_TARGET_NAME = ClassifiedAdsList;
			};
			name = Release;
		};
/* End XCBuildConfiguration section */

/* Begin XCConfigurationList section */
		E32091B02A863C7000DF520A /* Build configuration list for PBXProject "ClassifiedAdsList" */ = {
			isa = XCConfigurationList;
			buildConfigurations = (
				E32091DD2A863C7200DF520A /* Debug */,
				E32091DE2A863C7200DF520A /* Release */,
			);
			defaultConfigurationIsVisible = 0;
			defaultConfigurationName = Release;
		};
		E32091DF2A863C7200DF520A /* Build configuration list for PBXNativeTarget "ClassifiedAdsList" */ = {
			isa = XCConfigurationList;
			buildConfigurations = (
				E32091E02A863C7200DF520A /* Debug */,
				E32091E12A863C7200DF520A /* Release */,
			);
			defaultConfigurationIsVisible = 0;
			defaultConfigurationName = Release;
		};
		E32091E22A863C7200DF520A /* Build configuration list for PBXNativeTarget "ClassifiedAdsListTests" */ = {
			isa = XCConfigurationList;
			buildConfigurations = (
				E32091E32A863C7200DF520A /* Debug */,
				E32091E42A863C7200DF520A /* Release */,
			);
			defaultConfigurationIsVisible = 0;
			defaultConfigurationName = Release;
		};
		E32091E52A863C7200DF520A /* Build configuration list for PBXNativeTarget "ClassifiedAdsListUITests" */ = {
			isa = XCConfigurationList;
			buildConfigurations = (
				E32091E62A863C7200DF520A /* Debug */,
				E32091E72A863C7200DF520A /* Release */,
			);
			defaultConfigurationIsVisible = 0;
			defaultConfigurationName = Release;
		};
/* End XCConfigurationList section */
	};
	rootObject = E32091AD2A863C7000DF520A /* Project object */;
}
