// !$*UTF8*$!
{
	archiveVersion = 1;
	classes = {
	};
	objectVersion = 56;
	objects = {

/* Begin PBXBuildFile section */
		E32091B92A863C7000DF520A /* AppDelegate.swift in Sources */ = {isa = PBXBuildFile; fileRef = E32091B82A863C7000DF520A /* AppDelegate.swift */; };
		E32091C22A863C7200DF520A /* Assets.xcassets in Resources */ = {isa = PBXBuildFile; fileRef = E32091C12A863C7200DF520A /* Assets.xcassets */; };
		E32091C52A863C7200DF520A /* LaunchScreen.storyboard in Resources */ = {isa = PBXBuildFile; fileRef = E32091C32A863C7200DF520A /* LaunchScreen.storyboard */; };
		E32091DA2A863C7200DF520A /* ClassifiedAdsListUITests.swift in Sources */ = {isa = PBXBuildFile; fileRef = E32091D92A863C7200DF520A /* ClassifiedAdsListUITests.swift */; };
		E32091DC2A863C7200DF520A /* ClassifiedAdsListUITestsLaunchTests.swift in Sources */ = {isa = PBXBuildFile; fileRef = E32091DB2A863C7200DF520A /* ClassifiedAdsListUITestsLaunchTests.swift */; };
		E32091EA2A86434400DF520A /* AppCoordinator.swift in Sources */ = {isa = PBXBuildFile; fileRef = E32091E92A86434400DF520A /* AppCoordinator.swift */; };
		E32091ED2A864FCC00DF520A /* Classified.swift in Sources */ = {isa = PBXBuildFile; fileRef = E32091EC2A864FCC00DF520A /* Classified.swift */; };
		E32091EF2A86520900DF520A /* ClassifiedImage.swift in Sources */ = {isa = PBXBuildFile; fileRef = E32091EE2A86520900DF520A /* ClassifiedImage.swift */; };
		E32091F12A8653FF00DF520A /* Category.swift in Sources */ = {isa = PBXBuildFile; fileRef = E32091F02A8653FF00DF520A /* Category.swift */; };
		E32091F52A8655A000DF520A /* GetImageUseCase.swift in Sources */ = {isa = PBXBuildFile; fileRef = E32091F42A8655A000DF520A /* GetImageUseCase.swift */; };
		E32091F72A8655AF00DF520A /* GetClassifiedsUseCase.swift in Sources */ = {isa = PBXBuildFile; fileRef = E32091F62A8655AF00DF520A /* GetClassifiedsUseCase.swift */; };
		E32091F92A8655C100DF520A /* GetCategoriesUseCase.swift in Sources */ = {isa = PBXBuildFile; fileRef = E32091F82A8655C100DF520A /* GetCategoriesUseCase.swift */; };
		E32091FC2A865D6D00DF520A /* ImageRepositoryProtocol.swift in Sources */ = {isa = PBXBuildFile; fileRef = E32091FB2A865D6D00DF520A /* ImageRepositoryProtocol.swift */; };
		E32091FE2A865DCF00DF520A /* ClassifiedsRepositoryProtocol.swift in Sources */ = {isa = PBXBuildFile; fileRef = E32091FD2A865DCF00DF520A /* ClassifiedsRepositoryProtocol.swift */; };
		E32092002A865E0A00DF520A /* CategoriesRepositoryProtocol.swift in Sources */ = {isa = PBXBuildFile; fileRef = E32091FF2A865E0A00DF520A /* CategoriesRepositoryProtocol.swift */; };
		E32092042A865FA300DF520A /* ClassifiedDTO.swift in Sources */ = {isa = PBXBuildFile; fileRef = E32092032A865FA300DF520A /* ClassifiedDTO.swift */; };
		E32092062A8662A400DF520A /* CategoryDTO.swift in Sources */ = {isa = PBXBuildFile; fileRef = E32092052A8662A400DF520A /* CategoryDTO.swift */; };
		E32092082A86654400DF520A /* GetClassifiedsUseCaseTests.swift in Sources */ = {isa = PBXBuildFile; fileRef = E32092072A86654400DF520A /* GetClassifiedsUseCaseTests.swift */; };
		E320920B2A86894200DF520A /* GetCategoriesUseCaseTests.swift in Sources */ = {isa = PBXBuildFile; fileRef = E320920A2A86894200DF520A /* GetCategoriesUseCaseTests.swift */; };
		E3EFB40C2A8F7E0A006E830F /* CategoriesRepository.swift in Sources */ = {isa = PBXBuildFile; fileRef = E3EFB40B2A8F7E0A006E830F /* CategoriesRepository.swift */; };
		E3EFB40F2A8F866D006E830F /* CategoriesAPIServiceProtocol.swift in Sources */ = {isa = PBXBuildFile; fileRef = E3EFB40E2A8F866D006E830F /* CategoriesAPIServiceProtocol.swift */; };
		E3EFB4122A8F8746006E830F /* ClassifiedsAPIServiceProtocol.swift in Sources */ = {isa = PBXBuildFile; fileRef = E3EFB4112A8F8746006E830F /* ClassifiedsAPIServiceProtocol.swift */; };
		E3EFB4142A8F8908006E830F /* ClassifiedsRepository.swift in Sources */ = {isa = PBXBuildFile; fileRef = E3EFB4132A8F8908006E830F /* ClassifiedsRepository.swift */; };
		E3EFB4162A8F9048006E830F /* Classified+DTO.swift in Sources */ = {isa = PBXBuildFile; fileRef = E3EFB4152A8F9048006E830F /* Classified+DTO.swift */; };
		E3EFB4182A8F93AE006E830F /* ClassifiedCategory+DTO.swift in Sources */ = {isa = PBXBuildFile; fileRef = E3EFB4172A8F93AE006E830F /* ClassifiedCategory+DTO.swift */; };
		E3EFB41B2A8F9F0F006E830F /* ImageRepository.swift in Sources */ = {isa = PBXBuildFile; fileRef = E3EFB41A2A8F9F0F006E830F /* ImageRepository.swift */; };
		E3EFB41D2A8F9F69006E830F /* ImageAPIServiceProtocol.swift in Sources */ = {isa = PBXBuildFile; fileRef = E3EFB41C2A8F9F69006E830F /* ImageAPIServiceProtocol.swift */; };
		E3EFB41F2A8FA045006E830F /* ImageCacheProtocol.swift in Sources */ = {isa = PBXBuildFile; fileRef = E3EFB41E2A8FA045006E830F /* ImageCacheProtocol.swift */; };
		E3EFB4252A8FA37B006E830F /* CategoriesAPIService.swift in Sources */ = {isa = PBXBuildFile; fileRef = E3EFB4242A8FA37B006E830F /* CategoriesAPIService.swift */; };
		E3EFB4272A8FA41D006E830F /* NetworkServiceProtocol.swift in Sources */ = {isa = PBXBuildFile; fileRef = E3EFB4262A8FA41D006E830F /* NetworkServiceProtocol.swift */; };
		E3EFB4292A8FA49D006E830F /* DataError.swift in Sources */ = {isa = PBXBuildFile; fileRef = E3EFB4282A8FA49D006E830F /* DataError.swift */; };
		E3EFB42B2A8FA5C9006E830F /* NetworkService.swift in Sources */ = {isa = PBXBuildFile; fileRef = E3EFB42A2A8FA5C9006E830F /* NetworkService.swift */; };
		E3EFB42D2A8FA732006E830F /* ClassifiedsAPIService.swift in Sources */ = {isa = PBXBuildFile; fileRef = E3EFB42C2A8FA732006E830F /* ClassifiedsAPIService.swift */; };
		E3EFB42F2A8FE3E6006E830F /* ImageAPIService.swift in Sources */ = {isa = PBXBuildFile; fileRef = E3EFB42E2A8FE3E6006E830F /* ImageAPIService.swift */; };
		E3EFB4322A93C9AC006E830F /* ClassifiedsListViewController.swift in Sources */ = {isa = PBXBuildFile; fileRef = E3EFB4312A93C9AC006E830F /* ClassifiedsListViewController.swift */; };
		E3EFB4342A93C9B4006E830F /* ClassifiedsListViewModel.swift in Sources */ = {isa = PBXBuildFile; fileRef = E3EFB4332A93C9B4006E830F /* ClassifiedsListViewModel.swift */; };
		E3EFB4372A93C9F6006E830F /* ClassifiedViewModel.swift in Sources */ = {isa = PBXBuildFile; fileRef = E3EFB4362A93C9F6006E830F /* ClassifiedViewModel.swift */; };
		E3EFB43A2A94AC20006E830F /* DetailsViewController.swift in Sources */ = {isa = PBXBuildFile; fileRef = E3EFB4392A94AC20006E830F /* DetailsViewController.swift */; };
		E3EFB43C2A94BB7F006E830F /* ClassifiedCell.swift in Sources */ = {isa = PBXBuildFile; fileRef = E3EFB43B2A94BB7F006E830F /* ClassifiedCell.swift */; };
/* End PBXBuildFile section */

/* Begin PBXContainerItemProxy section */
		E32091CC2A863C7200DF520A /* PBXContainerItemProxy */ = {
			isa = PBXContainerItemProxy;
			containerPortal = E32091AD2A863C7000DF520A /* Project object */;
			proxyType = 1;
			remoteGlobalIDString = E32091B42A863C7000DF520A;
			remoteInfo = ClassifiedAdsList;
		};
		E32091D62A863C7200DF520A /* PBXContainerItemProxy */ = {
			isa = PBXContainerItemProxy;
			containerPortal = E32091AD2A863C7000DF520A /* Project object */;
			proxyType = 1;
			remoteGlobalIDString = E32091B42A863C7000DF520A;
			remoteInfo = ClassifiedAdsList;
		};
/* End PBXContainerItemProxy section */

/* Begin PBXFileReference section */
		E32091B52A863C7000DF520A /* ClassifiedAdsList.app */ = {isa = PBXFileReference; explicitFileType = wrapper.application; includeInIndex = 0; path = ClassifiedAdsList.app; sourceTree = BUILT_PRODUCTS_DIR; };
		E32091B82A863C7000DF520A /* AppDelegate.swift */ = {isa = PBXFileReference; lastKnownFileType = sourcecode.swift; path = AppDelegate.swift; sourceTree = "<group>"; };
		E32091C12A863C7200DF520A /* Assets.xcassets */ = {isa = PBXFileReference; lastKnownFileType = folder.assetcatalog; path = Assets.xcassets; sourceTree = "<group>"; };
		E32091C42A863C7200DF520A /* Base */ = {isa = PBXFileReference; lastKnownFileType = file.storyboard; name = Base; path = Base.lproj/LaunchScreen.storyboard; sourceTree = "<group>"; };
		E32091C62A863C7200DF520A /* Info.plist */ = {isa = PBXFileReference; lastKnownFileType = text.plist.xml; path = Info.plist; sourceTree = "<group>"; };
		E32091CB2A863C7200DF520A /* ClassifiedAdsListTests.xctest */ = {isa = PBXFileReference; explicitFileType = wrapper.cfbundle; includeInIndex = 0; path = ClassifiedAdsListTests.xctest; sourceTree = BUILT_PRODUCTS_DIR; };
		E32091D52A863C7200DF520A /* ClassifiedAdsListUITests.xctest */ = {isa = PBXFileReference; explicitFileType = wrapper.cfbundle; includeInIndex = 0; path = ClassifiedAdsListUITests.xctest; sourceTree = BUILT_PRODUCTS_DIR; };
		E32091D92A863C7200DF520A /* ClassifiedAdsListUITests.swift */ = {isa = PBXFileReference; lastKnownFileType = sourcecode.swift; path = ClassifiedAdsListUITests.swift; sourceTree = "<group>"; };
		E32091DB2A863C7200DF520A /* ClassifiedAdsListUITestsLaunchTests.swift */ = {isa = PBXFileReference; lastKnownFileType = sourcecode.swift; path = ClassifiedAdsListUITestsLaunchTests.swift; sourceTree = "<group>"; };
		E32091E92A86434400DF520A /* AppCoordinator.swift */ = {isa = PBXFileReference; lastKnownFileType = sourcecode.swift; path = AppCoordinator.swift; sourceTree = "<group>"; };
		E32091EC2A864FCC00DF520A /* Classified.swift */ = {isa = PBXFileReference; lastKnownFileType = sourcecode.swift; path = Classified.swift; sourceTree = "<group>"; };
		E32091EE2A86520900DF520A /* ClassifiedImage.swift */ = {isa = PBXFileReference; lastKnownFileType = sourcecode.swift; path = ClassifiedImage.swift; sourceTree = "<group>"; };
		E32091F02A8653FF00DF520A /* Category.swift */ = {isa = PBXFileReference; lastKnownFileType = sourcecode.swift; path = Category.swift; sourceTree = "<group>"; };
		E32091F42A8655A000DF520A /* GetImageUseCase.swift */ = {isa = PBXFileReference; lastKnownFileType = sourcecode.swift; path = GetImageUseCase.swift; sourceTree = "<group>"; };
		E32091F62A8655AF00DF520A /* GetClassifiedsUseCase.swift */ = {isa = PBXFileReference; lastKnownFileType = sourcecode.swift; path = GetClassifiedsUseCase.swift; sourceTree = "<group>"; };
		E32091F82A8655C100DF520A /* GetCategoriesUseCase.swift */ = {isa = PBXFileReference; lastKnownFileType = sourcecode.swift; path = GetCategoriesUseCase.swift; sourceTree = "<group>"; };
		E32091FB2A865D6D00DF520A /* ImageRepositoryProtocol.swift */ = {isa = PBXFileReference; lastKnownFileType = sourcecode.swift; path = ImageRepositoryProtocol.swift; sourceTree = "<group>"; };
		E32091FD2A865DCF00DF520A /* ClassifiedsRepositoryProtocol.swift */ = {isa = PBXFileReference; lastKnownFileType = sourcecode.swift; path = ClassifiedsRepositoryProtocol.swift; sourceTree = "<group>"; };
		E32091FF2A865E0A00DF520A /* CategoriesRepositoryProtocol.swift */ = {isa = PBXFileReference; lastKnownFileType = sourcecode.swift; path = CategoriesRepositoryProtocol.swift; sourceTree = "<group>"; };
		E32092032A865FA300DF520A /* ClassifiedDTO.swift */ = {isa = PBXFileReference; lastKnownFileType = sourcecode.swift; path = ClassifiedDTO.swift; sourceTree = "<group>"; };
		E32092052A8662A400DF520A /* CategoryDTO.swift */ = {isa = PBXFileReference; lastKnownFileType = sourcecode.swift; path = CategoryDTO.swift; sourceTree = "<group>"; };
		E32092072A86654400DF520A /* GetClassifiedsUseCaseTests.swift */ = {isa = PBXFileReference; lastKnownFileType = sourcecode.swift; path = GetClassifiedsUseCaseTests.swift; sourceTree = "<group>"; };
		E320920A2A86894200DF520A /* GetCategoriesUseCaseTests.swift */ = {isa = PBXFileReference; lastKnownFileType = sourcecode.swift; path = GetCategoriesUseCaseTests.swift; sourceTree = "<group>"; };
		E3EFB40B2A8F7E0A006E830F /* CategoriesRepository.swift */ = {isa = PBXFileReference; lastKnownFileType = sourcecode.swift; path = CategoriesRepository.swift; sourceTree = "<group>"; };
		E3EFB40E2A8F866D006E830F /* CategoriesAPIServiceProtocol.swift */ = {isa = PBXFileReference; lastKnownFileType = sourcecode.swift; path = CategoriesAPIServiceProtocol.swift; sourceTree = "<group>"; };
		E3EFB4112A8F8746006E830F /* ClassifiedsAPIServiceProtocol.swift */ = {isa = PBXFileReference; lastKnownFileType = sourcecode.swift; path = ClassifiedsAPIServiceProtocol.swift; sourceTree = "<group>"; };
		E3EFB4132A8F8908006E830F /* ClassifiedsRepository.swift */ = {isa = PBXFileReference; lastKnownFileType = sourcecode.swift; path = ClassifiedsRepository.swift; sourceTree = "<group>"; };
		E3EFB4152A8F9048006E830F /* Classified+DTO.swift */ = {isa = PBXFileReference; lastKnownFileType = sourcecode.swift; path = "Classified+DTO.swift"; sourceTree = "<group>"; };
		E3EFB4172A8F93AE006E830F /* ClassifiedCategory+DTO.swift */ = {isa = PBXFileReference; lastKnownFileType = sourcecode.swift; path = "ClassifiedCategory+DTO.swift"; sourceTree = "<group>"; };
		E3EFB41A2A8F9F0F006E830F /* ImageRepository.swift */ = {isa = PBXFileReference; lastKnownFileType = sourcecode.swift; path = ImageRepository.swift; sourceTree = "<group>"; };
		E3EFB41C2A8F9F69006E830F /* ImageAPIServiceProtocol.swift */ = {isa = PBXFileReference; lastKnownFileType = sourcecode.swift; path = ImageAPIServiceProtocol.swift; sourceTree = "<group>"; };
		E3EFB41E2A8FA045006E830F /* ImageCacheProtocol.swift */ = {isa = PBXFileReference; lastKnownFileType = sourcecode.swift; path = ImageCacheProtocol.swift; sourceTree = "<group>"; };
		E3EFB4242A8FA37B006E830F /* CategoriesAPIService.swift */ = {isa = PBXFileReference; lastKnownFileType = sourcecode.swift; path = CategoriesAPIService.swift; sourceTree = "<group>"; };
		E3EFB4262A8FA41D006E830F /* NetworkServiceProtocol.swift */ = {isa = PBXFileReference; lastKnownFileType = sourcecode.swift; path = NetworkServiceProtocol.swift; sourceTree = "<group>"; };
		E3EFB4282A8FA49D006E830F /* DataError.swift */ = {isa = PBXFileReference; lastKnownFileType = sourcecode.swift; path = DataError.swift; sourceTree = "<group>"; };
		E3EFB42A2A8FA5C9006E830F /* NetworkService.swift */ = {isa = PBXFileReference; lastKnownFileType = sourcecode.swift; path = NetworkService.swift; sourceTree = "<group>"; };
		E3EFB42C2A8FA732006E830F /* ClassifiedsAPIService.swift */ = {isa = PBXFileReference; lastKnownFileType = sourcecode.swift; path = ClassifiedsAPIService.swift; sourceTree = "<group>"; };
		E3EFB42E2A8FE3E6006E830F /* ImageAPIService.swift */ = {isa = PBXFileReference; lastKnownFileType = sourcecode.swift; path = ImageAPIService.swift; sourceTree = "<group>"; };
		E3EFB4312A93C9AC006E830F /* ClassifiedsListViewController.swift */ = {isa = PBXFileReference; lastKnownFileType = sourcecode.swift; path = ClassifiedsListViewController.swift; sourceTree = "<group>"; };
		E3EFB4332A93C9B4006E830F /* ClassifiedsListViewModel.swift */ = {isa = PBXFileReference; lastKnownFileType = sourcecode.swift; path = ClassifiedsListViewModel.swift; sourceTree = "<group>"; };
		E3EFB4362A93C9F6006E830F /* ClassifiedViewModel.swift */ = {isa = PBXFileReference; lastKnownFileType = sourcecode.swift; path = ClassifiedViewModel.swift; sourceTree = "<group>"; };
		E3EFB4392A94AC20006E830F /* DetailsViewController.swift */ = {isa = PBXFileReference; lastKnownFileType = sourcecode.swift; path = DetailsViewController.swift; sourceTree = "<group>"; };
		E3EFB43B2A94BB7F006E830F /* ClassifiedCell.swift */ = {isa = PBXFileReference; lastKnownFileType = sourcecode.swift; path = ClassifiedCell.swift; sourceTree = "<group>"; };
/* End PBXFileReference section */

/* Begin PBXFrameworksBuildPhase section */
		E32091B22A863C7000DF520A /* Frameworks */ = {
			isa = PBXFrameworksBuildPhase;
			buildActionMask = 2147483647;
			files = (
			);
			runOnlyForDeploymentPostprocessing = 0;
		};
		E32091C82A863C7200DF520A /* Frameworks */ = {
			isa = PBXFrameworksBuildPhase;
			buildActionMask = 2147483647;
			files = (
			);
			runOnlyForDeploymentPostprocessing = 0;
		};
		E32091D22A863C7200DF520A /* Frameworks */ = {
			isa = PBXFrameworksBuildPhase;
			buildActionMask = 2147483647;
			files = (
			);
			runOnlyForDeploymentPostprocessing = 0;
		};
/* End PBXFrameworksBuildPhase section */

/* Begin PBXGroup section */
		E32091AC2A863C7000DF520A = {
			isa = PBXGroup;
			children = (
				E32091B72A863C7000DF520A /* ClassifiedAdsList */,
				E32091CE2A863C7200DF520A /* ClassifiedAdsListTests */,
				E32091D82A863C7200DF520A /* ClassifiedAdsListUITests */,
				E32091B62A863C7000DF520A /* Products */,
			);
			sourceTree = "<group>";
		};
		E32091B62A863C7000DF520A /* Products */ = {
			isa = PBXGroup;
			children = (
				E32091B52A863C7000DF520A /* ClassifiedAdsList.app */,
				E32091CB2A863C7200DF520A /* ClassifiedAdsListTests.xctest */,
				E32091D52A863C7200DF520A /* ClassifiedAdsListUITests.xctest */,
			);
			name = Products;
			sourceTree = "<group>";
		};
		E32091B72A863C7000DF520A /* ClassifiedAdsList */ = {
			isa = PBXGroup;
			children = (
				E3EFB4302A93C993006E830F /* Presentation */,
				E32092012A865F8B00DF520A /* Data */,
				E32091F22A86555400DF520A /* Domain */,
				E32091B82A863C7000DF520A /* AppDelegate.swift */,
				E32091E92A86434400DF520A /* AppCoordinator.swift */,
				E32091E82A86412300DF520A /* Resources */,
			);
			path = ClassifiedAdsList;
			sourceTree = "<group>";
		};
		E32091CE2A863C7200DF520A /* ClassifiedAdsListTests */ = {
			isa = PBXGroup;
			children = (
				E32092092A86891F00DF520A /* UseCasesTests */,
			);
			path = ClassifiedAdsListTests;
			sourceTree = "<group>";
		};
		E32091D82A863C7200DF520A /* ClassifiedAdsListUITests */ = {
			isa = PBXGroup;
			children = (
				E32091D92A863C7200DF520A /* ClassifiedAdsListUITests.swift */,
				E32091DB2A863C7200DF520A /* ClassifiedAdsListUITestsLaunchTests.swift */,
			);
			path = ClassifiedAdsListUITests;
			sourceTree = "<group>";
		};
		E32091E82A86412300DF520A /* Resources */ = {
			isa = PBXGroup;
			children = (
				E32091C12A863C7200DF520A /* Assets.xcassets */,
				E32091C32A863C7200DF520A /* LaunchScreen.storyboard */,
				E32091C62A863C7200DF520A /* Info.plist */,
			);
			path = Resources;
			sourceTree = "<group>";
		};
		E32091EB2A864F8E00DF520A /* Entities */ = {
			isa = PBXGroup;
			children = (
				E32091EC2A864FCC00DF520A /* Classified.swift */,
				E32091EE2A86520900DF520A /* ClassifiedImage.swift */,
				E32091F02A8653FF00DF520A /* Category.swift */,
			);
			path = Entities;
			sourceTree = "<group>";
		};
		E32091F22A86555400DF520A /* Domain */ = {
			isa = PBXGroup;
			children = (
				E32091FA2A865D5700DF520A /* RepositoryProtocols */,
				E32091F32A86558400DF520A /* UseCases */,
				E32091EB2A864F8E00DF520A /* Entities */,
			);
			path = Domain;
			sourceTree = "<group>";
		};
		E32091F32A86558400DF520A /* UseCases */ = {
			isa = PBXGroup;
			children = (
				E32091F42A8655A000DF520A /* GetImageUseCase.swift */,
				E32091F62A8655AF00DF520A /* GetClassifiedsUseCase.swift */,
				E32091F82A8655C100DF520A /* GetCategoriesUseCase.swift */,
			);
			path = UseCases;
			sourceTree = "<group>";
		};
		E32091FA2A865D5700DF520A /* RepositoryProtocols */ = {
			isa = PBXGroup;
			children = (
				E32091FB2A865D6D00DF520A /* ImageRepositoryProtocol.swift */,
				E32091FD2A865DCF00DF520A /* ClassifiedsRepositoryProtocol.swift */,
				E32091FF2A865E0A00DF520A /* CategoriesRepositoryProtocol.swift */,
			);
			path = RepositoryProtocols;
			sourceTree = "<group>";
		};
		E32092012A865F8B00DF520A /* Data */ = {
			isa = PBXGroup;
			children = (
				E3EFB4232A8FA2AA006E830F /* APIServices */,
				E3EFB4202A8FA297006E830F /* Network */,
				E3EFB40D2A8F8626006E830F /* Protocols */,
				E3EFB40A2A8F7DCC006E830F /* Repositories */,
				E32092022A865F9600DF520A /* DTO */,
				E3EFB4282A8FA49D006E830F /* DataError.swift */,
			);
			path = Data;
			sourceTree = "<group>";
		};
		E32092022A865F9600DF520A /* DTO */ = {
			isa = PBXGroup;
			children = (
				E32092032A865FA300DF520A /* ClassifiedDTO.swift */,
				E32092052A8662A400DF520A /* CategoryDTO.swift */,
				E3EFB4152A8F9048006E830F /* Classified+DTO.swift */,
				E3EFB4172A8F93AE006E830F /* ClassifiedCategory+DTO.swift */,
			);
			path = DTO;
			sourceTree = "<group>";
		};
		E32092092A86891F00DF520A /* UseCasesTests */ = {
			isa = PBXGroup;
			children = (
				E32092072A86654400DF520A /* GetClassifiedsUseCaseTests.swift */,
				E320920A2A86894200DF520A /* GetCategoriesUseCaseTests.swift */,
			);
			path = UseCasesTests;
			sourceTree = "<group>";
		};
		E3EFB40A2A8F7DCC006E830F /* Repositories */ = {
			isa = PBXGroup;
			children = (
				E3EFB40B2A8F7E0A006E830F /* CategoriesRepository.swift */,
				E3EFB4132A8F8908006E830F /* ClassifiedsRepository.swift */,
				E3EFB41A2A8F9F0F006E830F /* ImageRepository.swift */,
			);
			path = Repositories;
			sourceTree = "<group>";
		};
		E3EFB40D2A8F8626006E830F /* Protocols */ = {
			isa = PBXGroup;
			children = (
				E3EFB40E2A8F866D006E830F /* CategoriesAPIServiceProtocol.swift */,
				E3EFB4112A8F8746006E830F /* ClassifiedsAPIServiceProtocol.swift */,
				E3EFB41C2A8F9F69006E830F /* ImageAPIServiceProtocol.swift */,
				E3EFB41E2A8FA045006E830F /* ImageCacheProtocol.swift */,
				E3EFB4262A8FA41D006E830F /* NetworkServiceProtocol.swift */,
			);
			path = Protocols;
			sourceTree = "<group>";
		};
		E3EFB4202A8FA297006E830F /* Network */ = {
			isa = PBXGroup;
			children = (
				E3EFB42A2A8FA5C9006E830F /* NetworkService.swift */,
			);
			path = Network;
			sourceTree = "<group>";
		};
		E3EFB4232A8FA2AA006E830F /* APIServices */ = {
			isa = PBXGroup;
			children = (
				E3EFB4242A8FA37B006E830F /* CategoriesAPIService.swift */,
				E3EFB42C2A8FA732006E830F /* ClassifiedsAPIService.swift */,
				E3EFB42E2A8FE3E6006E830F /* ImageAPIService.swift */,
			);
			path = APIServices;
			sourceTree = "<group>";
		};
		E3EFB4302A93C993006E830F /* Presentation */ = {
			isa = PBXGroup;
			children = (
				E3EFB4382A94AC16006E830F /* Details */,
				E3EFB4352A93C9BA006E830F /* ClassifiedsList */,
			);
			path = Presentation;
			sourceTree = "<group>";
		};
		E3EFB4352A93C9BA006E830F /* ClassifiedsList */ = {
			isa = PBXGroup;
			children = (
				E3EFB4312A93C9AC006E830F /* ClassifiedsListViewController.swift */,
				E3EFB4332A93C9B4006E830F /* ClassifiedsListViewModel.swift */,
				E3EFB43B2A94BB7F006E830F /* ClassifiedCell.swift */,
			);
			path = ClassifiedsList;
			sourceTree = "<group>";
		};
		E3EFB4382A94AC16006E830F /* Details */ = {
			isa = PBXGroup;
			children = (
				E3EFB4362A93C9F6006E830F /* ClassifiedViewModel.swift */,
				E3EFB4392A94AC20006E830F /* DetailsViewController.swift */,
			);
			path = Details;
			sourceTree = "<group>";
		};
/* End PBXGroup section */

/* Begin PBXNativeTarget section */
		E32091B42A863C7000DF520A /* ClassifiedAdsList */ = {
			isa = PBXNativeTarget;
			buildConfigurationList = E32091DF2A863C7200DF520A /* Build configuration list for PBXNativeTarget "ClassifiedAdsList" */;
			buildPhases = (
				E32091B12A863C7000DF520A /* Sources */,
				E32091B22A863C7000DF520A /* Frameworks */,
				E32091B32A863C7000DF520A /* Resources */,
			);
			buildRules = (
			);
			dependencies = (
			);
			name = ClassifiedAdsList;
			productName = ClassifiedAdsList;
			productReference = E32091B52A863C7000DF520A /* ClassifiedAdsList.app */;
			productType = "com.apple.product-type.application";
		};
		E32091CA2A863C7200DF520A /* ClassifiedAdsListTests */ = {
			isa = PBXNativeTarget;
			buildConfigurationList = E32091E22A863C7200DF520A /* Build configuration list for PBXNativeTarget "ClassifiedAdsListTests" */;
			buildPhases = (
				E32091C72A863C7200DF520A /* Sources */,
				E32091C82A863C7200DF520A /* Frameworks */,
				E32091C92A863C7200DF520A /* Resources */,
			);
			buildRules = (
			);
			dependencies = (
				E32091CD2A863C7200DF520A /* PBXTargetDependency */,
			);
			name = ClassifiedAdsListTests;
			productName = ClassifiedAdsListTests;
			productReference = E32091CB2A863C7200DF520A /* ClassifiedAdsListTests.xctest */;
			productType = "com.apple.product-type.bundle.unit-test";
		};
		E32091D42A863C7200DF520A /* ClassifiedAdsListUITests */ = {
			isa = PBXNativeTarget;
			buildConfigurationList = E32091E52A863C7200DF520A /* Build configuration list for PBXNativeTarget "ClassifiedAdsListUITests" */;
			buildPhases = (
				E32091D12A863C7200DF520A /* Sources */,
				E32091D22A863C7200DF520A /* Frameworks */,
				E32091D32A863C7200DF520A /* Resources */,
			);
			buildRules = (
			);
			dependencies = (
				E32091D72A863C7200DF520A /* PBXTargetDependency */,
			);
			name = ClassifiedAdsListUITests;
			productName = ClassifiedAdsListUITests;
			productReference = E32091D52A863C7200DF520A /* ClassifiedAdsListUITests.xctest */;
			productType = "com.apple.product-type.bundle.ui-testing";
		};
/* End PBXNativeTarget section */

/* Begin PBXProject section */
		E32091AD2A863C7000DF520A /* Project object */ = {
			isa = PBXProject;
			attributes = {
				BuildIndependentTargetsInParallel = 1;
				LastSwiftUpdateCheck = 1430;
				LastUpgradeCheck = 1430;
				TargetAttributes = {
					E32091B42A863C7000DF520A = {
						CreatedOnToolsVersion = 14.3.1;
					};
					E32091CA2A863C7200DF520A = {
						CreatedOnToolsVersion = 14.3.1;
						TestTargetID = E32091B42A863C7000DF520A;
					};
					E32091D42A863C7200DF520A = {
						CreatedOnToolsVersion = 14.3.1;
						TestTargetID = E32091B42A863C7000DF520A;
					};
				};
			};
			buildConfigurationList = E32091B02A863C7000DF520A /* Build configuration list for PBXProject "ClassifiedAdsList" */;
			compatibilityVersion = "Xcode 14.0";
			developmentRegion = en;
			hasScannedForEncodings = 0;
			knownRegions = (
				en,
				Base,
			);
			mainGroup = E32091AC2A863C7000DF520A;
			productRefGroup = E32091B62A863C7000DF520A /* Products */;
			projectDirPath = "";
			projectRoot = "";
			targets = (
				E32091B42A863C7000DF520A /* ClassifiedAdsList */,
				E32091CA2A863C7200DF520A /* ClassifiedAdsListTests */,
				E32091D42A863C7200DF520A /* ClassifiedAdsListUITests */,
			);
		};
/* End PBXProject section */

/* Begin PBXResourcesBuildPhase section */
		E32091B32A863C7000DF520A /* Resources */ = {
			isa = PBXResourcesBuildPhase;
			buildActionMask = 2147483647;
			files = (
				E32091C52A863C7200DF520A /* LaunchScreen.storyboard in Resources */,
				E32091C22A863C7200DF520A /* Assets.xcassets in Resources */,
			);
			runOnlyForDeploymentPostprocessing = 0;
		};
		E32091C92A863C7200DF520A /* Resources */ = {
			isa = PBXResourcesBuildPhase;
			buildActionMask = 2147483647;
			files = (
			);
			runOnlyForDeploymentPostprocessing = 0;
		};
		E32091D32A863C7200DF520A /* Resources */ = {
			isa = PBXResourcesBuildPhase;
			buildActionMask = 2147483647;
			files = (
			);
			runOnlyForDeploymentPostprocessing = 0;
		};
/* End PBXResourcesBuildPhase section */

/* Begin PBXSourcesBuildPhase section */
		E32091B12A863C7000DF520A /* Sources */ = {
			isa = PBXSourcesBuildPhase;
			buildActionMask = 2147483647;
			files = (
				E3EFB41F2A8FA045006E830F /* ImageCacheProtocol.swift in Sources */,
				E3EFB40F2A8F866D006E830F /* CategoriesAPIServiceProtocol.swift in Sources */,
				E3EFB4122A8F8746006E830F /* ClassifiedsAPIServiceProtocol.swift in Sources */,
				E32091EA2A86434400DF520A /* AppCoordinator.swift in Sources */,
				E32091F72A8655AF00DF520A /* GetClassifiedsUseCase.swift in Sources */,
				E32091F52A8655A000DF520A /* GetImageUseCase.swift in Sources */,
				E32092062A8662A400DF520A /* CategoryDTO.swift in Sources */,
				E3EFB43C2A94BB7F006E830F /* ClassifiedCell.swift in Sources */,
				E3EFB41D2A8F9F69006E830F /* ImageAPIServiceProtocol.swift in Sources */,
				E3EFB4142A8F8908006E830F /* ClassifiedsRepository.swift in Sources */,
				E3EFB4322A93C9AC006E830F /* ClassifiedsListViewController.swift in Sources */,
				E32091F12A8653FF00DF520A /* Category.swift in Sources */,
				E32091F92A8655C100DF520A /* GetCategoriesUseCase.swift in Sources */,
				E3EFB42D2A8FA732006E830F /* ClassifiedsAPIService.swift in Sources */,
				E3EFB43A2A94AC20006E830F /* DetailsViewController.swift in Sources */,
				E3EFB4182A8F93AE006E830F /* ClassifiedCategory+DTO.swift in Sources */,
				E3EFB42B2A8FA5C9006E830F /* NetworkService.swift in Sources */,
				E32092042A865FA300DF520A /* ClassifiedDTO.swift in Sources */,
				E3EFB4272A8FA41D006E830F /* NetworkServiceProtocol.swift in Sources */,
				E32092002A865E0A00DF520A /* CategoriesRepositoryProtocol.swift in Sources */,
				E3EFB41B2A8F9F0F006E830F /* ImageRepository.swift in Sources */,
				E32091ED2A864FCC00DF520A /* Classified.swift in Sources */,
				E3EFB40C2A8F7E0A006E830F /* CategoriesRepository.swift in Sources */,
				E32091EF2A86520900DF520A /* ClassifiedImage.swift in Sources */,
				E3EFB4372A93C9F6006E830F /* ClassifiedViewModel.swift in Sources */,
				E3EFB4342A93C9B4006E830F /* ClassifiedsListViewModel.swift in Sources */,
				E32091B92A863C7000DF520A /* AppDelegate.swift in Sources */,
				E3EFB4162A8F9048006E830F /* Classified+DTO.swift in Sources */,
				E32091FC2A865D6D00DF520A /* ImageRepositoryProtocol.swift in Sources */,
				E3EFB42F2A8FE3E6006E830F /* ImageAPIService.swift in Sources */,
				E3EFB4252A8FA37B006E830F /* CategoriesAPIService.swift in Sources */,
				E3EFB4292A8FA49D006E830F /* DataError.swift in Sources */,
				E32091FE2A865DCF00DF520A /* ClassifiedsRepositoryProtocol.swift in Sources */,
			);
			runOnlyForDeploymentPostprocessing = 0;
		};
		E32091C72A863C7200DF520A /* Sources */ = {
			isa = PBXSourcesBuildPhase;
			buildActionMask = 2147483647;
			files = (
				E320920B2A86894200DF520A /* GetCategoriesUseCaseTests.swift in Sources */,
				E32092082A86654400DF520A /* GetClassifiedsUseCaseTests.swift in Sources */,
			);
			runOnlyForDeploymentPostprocessing = 0;
		};
		E32091D12A863C7200DF520A /* Sources */ = {
			isa = PBXSourcesBuildPhase;
			buildActionMask = 2147483647;
			files = (
				E32091DC2A863C7200DF520A /* ClassifiedAdsListUITestsLaunchTests.swift in Sources */,
				E32091DA2A863C7200DF520A /* ClassifiedAdsListUITests.swift in Sources */,
			);
			runOnlyForDeploymentPostprocessing = 0;
		};
/* End PBXSourcesBuildPhase section */

/* Begin PBXTargetDependency section */
		E32091CD2A863C7200DF520A /* PBXTargetDependency */ = {
			isa = PBXTargetDependency;
			target = E32091B42A863C7000DF520A /* ClassifiedAdsList */;
			targetProxy = E32091CC2A863C7200DF520A /* PBXContainerItemProxy */;
		};
		E32091D72A863C7200DF520A /* PBXTargetDependency */ = {
			isa = PBXTargetDependency;
			target = E32091B42A863C7000DF520A /* ClassifiedAdsList */;
			targetProxy = E32091D62A863C7200DF520A /* PBXContainerItemProxy */;
		};
/* End PBXTargetDependency section */

/* Begin PBXVariantGroup section */
		E32091C32A863C7200DF520A /* LaunchScreen.storyboard */ = {
			isa = PBXVariantGroup;
			children = (
				E32091C42A863C7200DF520A /* Base */,
			);
			name = LaunchScreen.storyboard;
			sourceTree = "<group>";
		};
/* End PBXVariantGroup section */

/* Begin XCBuildConfiguration section */
		E32091DD2A863C7200DF520A /* Debug */ = {
			isa = XCBuildConfiguration;
			buildSettings = {
				ALWAYS_SEARCH_USER_PATHS = NO;
				CLANG_ANALYZER_NONNULL = YES;
				CLANG_ANALYZER_NUMBER_OBJECT_CONVERSION = YES_AGGRESSIVE;
				CLANG_CXX_LANGUAGE_STANDARD = "gnu++20";
				CLANG_ENABLE_MODULES = YES;
				CLANG_ENABLE_OBJC_ARC = YES;
				CLANG_ENABLE_OBJC_WEAK = YES;
				CLANG_WARN_BLOCK_CAPTURE_AUTORELEASING = YES;
				CLANG_WARN_BOOL_CONVERSION = YES;
				CLANG_WARN_COMMA = YES;
				CLANG_WARN_CONSTANT_CONVERSION = YES;
				CLANG_WARN_DEPRECATED_OBJC_IMPLEMENTATIONS = YES;
				CLANG_WARN_DIRECT_OBJC_ISA_USAGE = YES_ERROR;
				CLANG_WARN_DOCUMENTATION_COMMENTS = YES;
				CLANG_WARN_EMPTY_BODY = YES;
				CLANG_WARN_ENUM_CONVERSION = YES;
				CLANG_WARN_INFINITE_RECURSION = YES;
				CLANG_WARN_INT_CONVERSION = YES;
				CLANG_WARN_NON_LITERAL_NULL_CONVERSION = YES;
				CLANG_WARN_OBJC_IMPLICIT_RETAIN_SELF = YES;
				CLANG_WARN_OBJC_LITERAL_CONVERSION = YES;
				CLANG_WARN_OBJC_ROOT_CLASS = YES_ERROR;
				CLANG_WARN_QUOTED_INCLUDE_IN_FRAMEWORK_HEADER = YES;
				CLANG_WARN_RANGE_LOOP_ANALYSIS = YES;
				CLANG_WARN_STRICT_PROTOTYPES = YES;
				CLANG_WARN_SUSPICIOUS_MOVE = YES;
				CLANG_WARN_UNGUARDED_AVAILABILITY = YES_AGGRESSIVE;
				CLANG_WARN_UNREACHABLE_CODE = YES;
				CLANG_WARN__DUPLICATE_METHOD_MATCH = YES;
				COPY_PHASE_STRIP = NO;
				DEBUG_INFORMATION_FORMAT = dwarf;
				ENABLE_STRICT_OBJC_MSGSEND = YES;
				ENABLE_TESTABILITY = YES;
				GCC_C_LANGUAGE_STANDARD = gnu11;
				GCC_DYNAMIC_NO_PIC = NO;
				GCC_NO_COMMON_BLOCKS = YES;
				GCC_OPTIMIZATION_LEVEL = 0;
				GCC_PREPROCESSOR_DEFINITIONS = (
					"DEBUG=1",
					"$(inherited)",
				);
				GCC_WARN_64_TO_32_BIT_CONVERSION = YES;
				GCC_WARN_ABOUT_RETURN_TYPE = YES_ERROR;
				GCC_WARN_UNDECLARED_SELECTOR = YES;
				GCC_WARN_UNINITIALIZED_AUTOS = YES_AGGRESSIVE;
				GCC_WARN_UNUSED_FUNCTION = YES;
				GCC_WARN_UNUSED_VARIABLE = YES;
				IPHONEOS_DEPLOYMENT_TARGET = 16.4;
				MTL_ENABLE_DEBUG_INFO = INCLUDE_SOURCE;
				MTL_FAST_MATH = YES;
				ONLY_ACTIVE_ARCH = YES;
				SDKROOT = iphoneos;
				SWIFT_ACTIVE_COMPILATION_CONDITIONS = DEBUG;
				SWIFT_OPTIMIZATION_LEVEL = "-Onone";
			};
			name = Debug;
		};
		E32091DE2A863C7200DF520A /* Release */ = {
			isa = XCBuildConfiguration;
			buildSettings = {
				ALWAYS_SEARCH_USER_PATHS = NO;
				CLANG_ANALYZER_NONNULL = YES;
				CLANG_ANALYZER_NUMBER_OBJECT_CONVERSION = YES_AGGRESSIVE;
				CLANG_CXX_LANGUAGE_STANDARD = "gnu++20";
				CLANG_ENABLE_MODULES = YES;
				CLANG_ENABLE_OBJC_ARC = YES;
				CLANG_ENABLE_OBJC_WEAK = YES;
				CLANG_WARN_BLOCK_CAPTURE_AUTORELEASING = YES;
				CLANG_WARN_BOOL_CONVERSION = YES;
				CLANG_WARN_COMMA = YES;
				CLANG_WARN_CONSTANT_CONVERSION = YES;
				CLANG_WARN_DEPRECATED_OBJC_IMPLEMENTATIONS = YES;
				CLANG_WARN_DIRECT_OBJC_ISA_USAGE = YES_ERROR;
				CLANG_WARN_DOCUMENTATION_COMMENTS = YES;
				CLANG_WARN_EMPTY_BODY = YES;
				CLANG_WARN_ENUM_CONVERSION = YES;
				CLANG_WARN_INFINITE_RECURSION = YES;
				CLANG_WARN_INT_CONVERSION = YES;
				CLANG_WARN_NON_LITERAL_NULL_CONVERSION = YES;
				CLANG_WARN_OBJC_IMPLICIT_RETAIN_SELF = YES;
				CLANG_WARN_OBJC_LITERAL_CONVERSION = YES;
				CLANG_WARN_OBJC_ROOT_CLASS = YES_ERROR;
				CLANG_WARN_QUOTED_INCLUDE_IN_FRAMEWORK_HEADER = YES;
				CLANG_WARN_RANGE_LOOP_ANALYSIS = YES;
				CLANG_WARN_STRICT_PROTOTYPES = YES;
				CLANG_WARN_SUSPICIOUS_MOVE = YES;
				CLANG_WARN_UNGUARDED_AVAILABILITY = YES_AGGRESSIVE;
				CLANG_WARN_UNREACHABLE_CODE = YES;
				CLANG_WARN__DUPLICATE_METHOD_MATCH = YES;
				COPY_PHASE_STRIP = NO;
				DEBUG_INFORMATION_FORMAT = "dwarf-with-dsym";
				ENABLE_NS_ASSERTIONS = NO;
				ENABLE_STRICT_OBJC_MSGSEND = YES;
				GCC_C_LANGUAGE_STANDARD = gnu11;
				GCC_NO_COMMON_BLOCKS = YES;
				GCC_WARN_64_TO_32_BIT_CONVERSION = YES;
				GCC_WARN_ABOUT_RETURN_TYPE = YES_ERROR;
				GCC_WARN_UNDECLARED_SELECTOR = YES;
				GCC_WARN_UNINITIALIZED_AUTOS = YES_AGGRESSIVE;
				GCC_WARN_UNUSED_FUNCTION = YES;
				GCC_WARN_UNUSED_VARIABLE = YES;
				IPHONEOS_DEPLOYMENT_TARGET = 16.4;
				MTL_ENABLE_DEBUG_INFO = NO;
				MTL_FAST_MATH = YES;
				SDKROOT = iphoneos;
				SWIFT_COMPILATION_MODE = wholemodule;
				SWIFT_OPTIMIZATION_LEVEL = "-O";
				VALIDATE_PRODUCT = YES;
			};
			name = Release;
		};
		E32091E02A863C7200DF520A /* Debug */ = {
			isa = XCBuildConfiguration;
			buildSettings = {
				ASSETCATALOG_COMPILER_APPICON_NAME = AppIcon;
				ASSETCATALOG_COMPILER_GLOBAL_ACCENT_COLOR_NAME = AccentColor;
				CODE_SIGN_STYLE = Automatic;
				CURRENT_PROJECT_VERSION = 1;
				GENERATE_INFOPLIST_FILE = YES;
				INFOPLIST_FILE = ClassifiedAdsList/Info.plist;
				INFOPLIST_KEY_UIApplicationSupportsIndirectInputEvents = YES;
				INFOPLIST_KEY_UILaunchStoryboardName = LaunchScreen.storyboard;
				INFOPLIST_KEY_UIMainStoryboardFile = "";
				INFOPLIST_KEY_UISupportedInterfaceOrientations = "UIInterfaceOrientationLandscapeLeft UIInterfaceOrientationLandscapeRight UIInterfaceOrientationPortrait";
				INFOPLIST_KEY_UISupportedInterfaceOrientations_iPad = "UIInterfaceOrientationLandscapeLeft UIInterfaceOrientationLandscapeRight UIInterfaceOrientationPortrait UIInterfaceOrientationPortraitUpsideDown";
				IPHONEOS_DEPLOYMENT_TARGET = 14.0;
				LD_RUNPATH_SEARCH_PATHS = (
					"$(inherited)",
					"@executable_path/Frameworks",
				);
				MARKETING_VERSION = 1.0;
				PRODUCT_BUNDLE_IDENTIFIER = com.eukurapov.ClassifiedAdsList;
				PRODUCT_NAME = "$(TARGET_NAME)";
				SWIFT_EMIT_LOC_STRINGS = YES;
				SWIFT_VERSION = 5.0;
				TARGETED_DEVICE_FAMILY = "1,2";
			};
			name = Debug;
		};
		E32091E12A863C7200DF520A /* Release */ = {
			isa = XCBuildConfiguration;
			buildSettings = {
				ASSETCATALOG_COMPILER_APPICON_NAME = AppIcon;
				ASSETCATALOG_COMPILER_GLOBAL_ACCENT_COLOR_NAME = AccentColor;
				CODE_SIGN_STYLE = Automatic;
				CURRENT_PROJECT_VERSION = 1;
				GENERATE_INFOPLIST_FILE = YES;
				INFOPLIST_FILE = ClassifiedAdsList/Info.plist;
				INFOPLIST_KEY_UIApplicationSupportsIndirectInputEvents = YES;
				INFOPLIST_KEY_UILaunchStoryboardName = LaunchScreen.storyboard;
				INFOPLIST_KEY_UIMainStoryboardFile = "";
				INFOPLIST_KEY_UISupportedInterfaceOrientations = "UIInterfaceOrientationLandscapeLeft UIInterfaceOrientationLandscapeRight UIInterfaceOrientationPortrait";
				INFOPLIST_KEY_UISupportedInterfaceOrientations_iPad = "UIInterfaceOrientationLandscapeLeft UIInterfaceOrientationLandscapeRight UIInterfaceOrientationPortrait UIInterfaceOrientationPortraitUpsideDown";
				IPHONEOS_DEPLOYMENT_TARGET = 14.0;
				LD_RUNPATH_SEARCH_PATHS = (
					"$(inherited)",
					"@executable_path/Frameworks",
				);
				MARKETING_VERSION = 1.0;
				PRODUCT_BUNDLE_IDENTIFIER = com.eukurapov.ClassifiedAdsList;
				PRODUCT_NAME = "$(TARGET_NAME)";
				SWIFT_EMIT_LOC_STRINGS = YES;
				SWIFT_VERSION = 5.0;
				TARGETED_DEVICE_FAMILY = "1,2";
			};
			name = Release;
		};
		E32091E32A863C7200DF520A /* Debug */ = {
			isa = XCBuildConfiguration;
			buildSettings = {
				ALWAYS_EMBED_SWIFT_STANDARD_LIBRARIES = YES;
				BUNDLE_LOADER = "$(TEST_HOST)";
				CODE_SIGN_STYLE = Automatic;
				CURRENT_PROJECT_VERSION = 1;
				GENERATE_INFOPLIST_FILE = YES;
				IPHONEOS_DEPLOYMENT_TARGET = 16.4;
				MARKETING_VERSION = 1.0;
				PRODUCT_BUNDLE_IDENTIFIER = com.eukurapov.ClassifiedAdsListTests;
				PRODUCT_NAME = "$(TARGET_NAME)";
				SWIFT_EMIT_LOC_STRINGS = NO;
				SWIFT_VERSION = 5.0;
				TARGETED_DEVICE_FAMILY = "1,2";
				TEST_HOST = "$(BUILT_PRODUCTS_DIR)/ClassifiedAdsList.app/$(BUNDLE_EXECUTABLE_FOLDER_PATH)/ClassifiedAdsList";
			};
			name = Debug;
		};
		E32091E42A863C7200DF520A /* Release */ = {
			isa = XCBuildConfiguration;
			buildSettings = {
				ALWAYS_EMBED_SWIFT_STANDARD_LIBRARIES = YES;
				BUNDLE_LOADER = "$(TEST_HOST)";
				CODE_SIGN_STYLE = Automatic;
				CURRENT_PROJECT_VERSION = 1;
				GENERATE_INFOPLIST_FILE = YES;
				IPHONEOS_DEPLOYMENT_TARGET = 16.4;
				MARKETING_VERSION = 1.0;
				PRODUCT_BUNDLE_IDENTIFIER = com.eukurapov.ClassifiedAdsListTests;
				PRODUCT_NAME = "$(TARGET_NAME)";
				SWIFT_EMIT_LOC_STRINGS = NO;
				SWIFT_VERSION = 5.0;
				TARGETED_DEVICE_FAMILY = "1,2";
				TEST_HOST = "$(BUILT_PRODUCTS_DIR)/ClassifiedAdsList.app/$(BUNDLE_EXECUTABLE_FOLDER_PATH)/ClassifiedAdsList";
			};
			name = Release;
		};
		E32091E62A863C7200DF520A /* Debug */ = {
			isa = XCBuildConfiguration;
			buildSettings = {
				ALWAYS_EMBED_SWIFT_STANDARD_LIBRARIES = YES;
				CODE_SIGN_STYLE = Automatic;
				CURRENT_PROJECT_VERSION = 1;
				GENERATE_INFOPLIST_FILE = YES;
				MARKETING_VERSION = 1.0;
				PRODUCT_BUNDLE_IDENTIFIER = com.eukurapov.ClassifiedAdsListUITests;
				PRODUCT_NAME = "$(TARGET_NAME)";
				SWIFT_EMIT_LOC_STRINGS = NO;
				SWIFT_VERSION = 5.0;
				TARGETED_DEVICE_FAMILY = "1,2";
				TEST_TARGET_NAME = ClassifiedAdsList;
			};
			name = Debug;
		};
		E32091E72A863C7200DF520A /* Release */ = {
			isa = XCBuildConfiguration;
			buildSettings = {
				ALWAYS_EMBED_SWIFT_STANDARD_LIBRARIES = YES;
				CODE_SIGN_STYLE = Automatic;
				CURRENT_PROJECT_VERSION = 1;
				GENERATE_INFOPLIST_FILE = YES;
				MARKETING_VERSION = 1.0;
				PRODUCT_BUNDLE_IDENTIFIER = com.eukurapov.ClassifiedAdsListUITests;
				PRODUCT_NAME = "$(TARGET_NAME)";
				SWIFT_EMIT_LOC_STRINGS = NO;
				SWIFT_VERSION = 5.0;
				TARGETED_DEVICE_FAMILY = "1,2";
				TEST_TARGET_NAME = ClassifiedAdsList;
			};
			name = Release;
		};
/* End XCBuildConfiguration section */

/* Begin XCConfigurationList section */
		E32091B02A863C7000DF520A /* Build configuration list for PBXProject "ClassifiedAdsList" */ = {
			isa = XCConfigurationList;
			buildConfigurations = (
				E32091DD2A863C7200DF520A /* Debug */,
				E32091DE2A863C7200DF520A /* Release */,
			);
			defaultConfigurationIsVisible = 0;
			defaultConfigurationName = Release;
		};
		E32091DF2A863C7200DF520A /* Build configuration list for PBXNativeTarget "ClassifiedAdsList" */ = {
			isa = XCConfigurationList;
			buildConfigurations = (
				E32091E02A863C7200DF520A /* Debug */,
				E32091E12A863C7200DF520A /* Release */,
			);
			defaultConfigurationIsVisible = 0;
			defaultConfigurationName = Release;
		};
		E32091E22A863C7200DF520A /* Build configuration list for PBXNativeTarget "ClassifiedAdsListTests" */ = {
			isa = XCConfigurationList;
			buildConfigurations = (
				E32091E32A863C7200DF520A /* Debug */,
				E32091E42A863C7200DF520A /* Release */,
			);
			defaultConfigurationIsVisible = 0;
			defaultConfigurationName = Release;
		};
		E32091E52A863C7200DF520A /* Build configuration list for PBXNativeTarget "ClassifiedAdsListUITests" */ = {
			isa = XCConfigurationList;
			buildConfigurations = (
				E32091E62A863C7200DF520A /* Debug */,
				E32091E72A863C7200DF520A /* Release */,
			);
			defaultConfigurationIsVisible = 0;
			defaultConfigurationName = Release;
		};
/* End XCConfigurationList section */
	};
	rootObject = E32091AD2A863C7000DF520A /* Project object */;
}
